
Microsoft Visual Studio Solution File, Format Version 12.00
# Visual Studio Version 17
VisualStudioVersion = 17.14.36915.13 d17.14
MinimumVisualStudioVersion = 10.0.40219.1
Project("{FAE04EC0-301F-11D3-BF4B-00C04F79EFBC}") = "projectGamesPlatformers", "projectGamesPlatformers\projectGamesPlatformers.csproj", "{67013D89-41DF-4609-873A-076398265755}"
EndProject
Global
	GlobalSection(SolutionConfigurationPlatforms) = preSolution
		Debug|Any CPU = Debug|Any CPU
		Release|Any CPU = Release|Any CPU
	EndGlobalSection
	GlobalSection(ProjectConfigurationPlatforms) = postSolution
		{67013D89-41DF-4609-873A-076398265755}.Debug|Any CPU.ActiveCfg = Debug|Any CPU
		{67013D89-41DF-4609-873A-076398265755}.Debug|Any CPU.Build.0 = Debug|Any CPU
		{67013D89-41DF-4609-873A-076398265755}.Release|Any CPU.ActiveCfg = Release|Any CPU
		{67013D89-41DF-4609-873A-076398265755}.Release|Any CPU.Build.0 = Release|Any CPU
	EndGlobalSection
	GlobalSection(SolutionProperties) = preSolution
		HideSolutionNode = FALSE
	EndGlobalSection
	GlobalSection(ExtensibilityGlobals) = postSolution
		SolutionGuid = {BA3B4441-0965-4647-8A26-18707EBC7D32}
	EndGlobalSection
EndGlobal
